
Microsoft Visual Studio Solution File, Format Version 12.00
# Visual Studio Version 17
VisualStudioVersion = 17.10.34928.147
MinimumVisualStudioVersion = 10.0.40219.1
Project("{FAE04EC0-301F-11D3-BF4B-00C04F79EFBC}") = "TestIdentity", "TestIdentity\TestIdentity.csproj", "{01BE1E2C-ECF4-49E4-BB55-5DF915362F01}"
EndProject
Global
	GlobalSection(SolutionConfigurationPlatforms) = preSolution
		Debug|Any CPU = Debug|Any CPU
		Release|Any CPU = Release|Any CPU
	EndGlobalSection
	GlobalSection(ProjectConfigurationPlatforms) = postSolution
		{01BE1E2C-ECF4-49E4-BB55-5DF915362F01}.Debug|Any CPU.ActiveCfg = Debug|Any CPU
		{01BE1E2C-ECF4-49E4-BB55-5DF915362F01}.Debug|Any CPU.Build.0 = Debug|Any CPU
		{01BE1E2C-ECF4-49E4-BB55-5DF915362F01}.Release|Any CPU.ActiveCfg = Release|Any CPU
		{01BE1E2C-ECF4-49E4-BB55-5DF915362F01}.Release|Any CPU.Build.0 = Release|Any CPU
	EndGlobalSection
	GlobalSection(SolutionProperties) = preSolution
		HideSolutionNode = FALSE
	EndGlobalSection
	GlobalSection(ExtensibilityGlobals) = postSolution
		SolutionGuid = {F27E60B1-2E95-4B1B-9D7B-B1A6F5E2FA10}
	EndGlobalSection
EndGlobal
